PODS:
  - BelledonneSIP (1.0.0)
  - BelledonneToolbox (1.0.0)
  - LinPhoneSwift (1.0.0):
    - BelledonneSIP
    - BelledonneToolbox
    - MediaStreamer
  - MediaStreamer (1.0.0)

DEPENDENCIES:
  - BelledonneSIP (from `~/developer/LinPhoneSwift`)
  - BelledonneToolbox (from `~/developer/LinPhoneSwift`)
  - LinPhoneSwift (from `~/developer/LinPhoneSwift`)
  - MediaStreamer (from `~/developer/LinPhoneSwift`)

EXTERNAL SOURCES:
  BelledonneSIP:
    :path: ~/developer/LinPhoneSwift
  BelledonneToolbox:
    :path: ~/developer/LinPhoneSwift
  LinPhoneSwift:
    :path: ~/developer/LinPhoneSwift
  MediaStreamer:
    :path: ~/developer/LinPhoneSwift

SPEC CHECKSUMS:
  BelledonneSIP: 6e263e90346122d0fecd436943d78dbf7124a514
  BelledonneToolbox: 77bcd680ad29e87a0dd34e086e14843ffcef23f5
  LinPhoneSwift: 5960344784dae3f388ce46cf472b39a34212cdaa
  MediaStreamer: 53d73e5413f9ebfb568a7bc450b16bba545f6a08

PODFILE CHECKSUM: 74e2e2b33935213a762e52b181617ba2b7ca414c

COCOAPODS: 1.2.1
