PODS:
  - LinPhoneSwiftPod (1.0.0)

DEPENDENCIES:
  - LinPhoneSwiftPod (from `../LinPhoneSwift-Pod`)

EXTERNAL SOURCES:
  LinPhoneSwiftPod:
    :path: ../LinPhoneSwift-Pod

SPEC CHECKSUMS:
  LinPhoneSwiftPod: 49fed85759707cd477d7c684b495d119c2306aec

PODFILE CHECKSUM: 64eeca6150833de60ea652c15a65f84f4222cb3d

COCOAPODS: 1.2.1
