PODS:
  - BelledonneToolbox (1.0.0)
  - LinPhoneSwift (1.0.0):
    - BelledonneToolbox

DEPENDENCIES:
  - BelledonneToolbox (from `~/developer/LinPhoneSwift`)
  - LinPhoneSwift (from `~/developer/LinPhoneSwift`)

EXTERNAL SOURCES:
  BelledonneToolbox:
    :path: ~/developer/LinPhoneSwift
  LinPhoneSwift:
    :path: ~/developer/LinPhoneSwift

SPEC CHECKSUMS:
  BelledonneToolbox: 0ad8941980794b56d89dc1929591de0c9c23ae8f
  LinPhoneSwift: 1300bbd01ca93cbe7d21443e93740419c7b8a0f9

PODFILE CHECKSUM: 108e6d645d1053f12668e9acf7905a0bbc7b4197

COCOAPODS: 1.2.1
